
Microsoft Visual Studio Solution File, Format Version 12.00
# Visual Studio Version 16
VisualStudioVersion = 16.0.29123.88
MinimumVisualStudioVersion = 10.0.40219.1
Project("{8BC9CEB8-8B4A-11D0-8D11-00A0C91BC942}") = "payload", "payload\payload.vcxproj", "{37DBDC84-6649-46A9-8D18-05D01B6DD663}"
EndProject
Global
	GlobalSection(SolutionConfigurationPlatforms) = preSolution
		Debug|x64 = Debug|x64
		Debug|x86 = Debug|x86
		Release|x64 = Release|x64
		Release|x86 = Release|x86
	EndGlobalSection
	GlobalSection(ProjectConfigurationPlatforms) = postSolution
		{37DBDC84-6649-46A9-8D18-05D01B6DD663}.Debug|x64.ActiveCfg = Debug|x64
		{37DBDC84-6649-46A9-8D18-05D01B6DD663}.Debug|x64.Build.0 = Debug|x64
		{37DBDC84-6649-46A9-8D18-05D01B6DD663}.Debug|x86.ActiveCfg = Debug|Win32
		{37DBDC84-6649-46A9-8D18-05D01B6DD663}.Debug|x86.Build.0 = Debug|Win32
		{37DBDC84-6649-46A9-8D18-05D01B6DD663}.Release|x64.ActiveCfg = Release|x64
		{37DBDC84-6649-46A9-8D18-05D01B6DD663}.Release|x64.Build.0 = Release|x64
		{37DBDC84-6649-46A9-8D18-05D01B6DD663}.Release|x86.ActiveCfg = Release|Win32
		{37DBDC84-6649-46A9-8D18-05D01B6DD663}.Release|x86.Build.0 = Release|Win32
	EndGlobalSection
	GlobalSection(SolutionProperties) = preSolution
		HideSolutionNode = FALSE
	EndGlobalSection
	GlobalSection(ExtensibilityGlobals) = postSolution
		SolutionGuid = {DC2A736E-ACAB-4B2C-83B1-D445C8F8FAE2}
	EndGlobalSection
EndGlobal
